
Microsoft Visual Studio Solution File, Format Version 12.00
# Visual Studio 14
VisualStudioVersion = 14.0.23107.0
MinimumVisualStudioVersion = 10.0.40219.1
Project("{FAE04EC0-301F-11D3-BF4B-00C04F79EFBC}") = "OneHourSport.Models", "OneHourSport.Models\OneHourSport.Models.csproj", "{C726FAFA-9624-4F4E-AAC9-2FCFF6DDB5CE}"
EndProject
Project("{FAE04EC0-301F-11D3-BF4B-00C04F79EFBC}") = "OneHourSport.Web", "OneHourSport.Web\OneHourSport.Web.csproj", "{D85CFF0A-F52F-451F-8050-3E5BF6A7C242}"
EndProject
Project("{FAE04EC0-301F-11D3-BF4B-00C04F79EFBC}") = "OneHourSport.Data", "OneHourSport.Data\OneHourSport.Data.csproj", "{58719B91-1CBA-4D65-9B43-9102F5EEA382}"
EndProject
Project("{FAE04EC0-301F-11D3-BF4B-00C04F79EFBC}") = "OneHourSport.Services", "OneHourSport.Services\OneHourSport.Services.csproj", "{1CFEE500-761F-4A9B-AB8E-10BA390E505C}"
EndProject
Global
	GlobalSection(SolutionConfigurationPlatforms) = preSolution
		Debug|Any CPU = Debug|Any CPU
		Release|Any CPU = Release|Any CPU
	EndGlobalSection
	GlobalSection(ProjectConfigurationPlatforms) = postSolution
		{C726FAFA-9624-4F4E-AAC9-2FCFF6DDB5CE}.Debug|Any CPU.ActiveCfg = Debug|Any CPU
		{C726FAFA-9624-4F4E-AAC9-2FCFF6DDB5CE}.Debug|Any CPU.Build.0 = Debug|Any CPU
		{C726FAFA-9624-4F4E-AAC9-2FCFF6DDB5CE}.Release|Any CPU.ActiveCfg = Release|Any CPU
		{C726FAFA-9624-4F4E-AAC9-2FCFF6DDB5CE}.Release|Any CPU.Build.0 = Release|Any CPU
		{D85CFF0A-F52F-451F-8050-3E5BF6A7C242}.Debug|Any CPU.ActiveCfg = Debug|Any CPU
		{D85CFF0A-F52F-451F-8050-3E5BF6A7C242}.Debug|Any CPU.Build.0 = Debug|Any CPU
		{D85CFF0A-F52F-451F-8050-3E5BF6A7C242}.Release|Any CPU.ActiveCfg = Release|Any CPU
		{D85CFF0A-F52F-451F-8050-3E5BF6A7C242}.Release|Any CPU.Build.0 = Release|Any CPU
		{58719B91-1CBA-4D65-9B43-9102F5EEA382}.Debug|Any CPU.ActiveCfg = Debug|Any CPU
		{58719B91-1CBA-4D65-9B43-9102F5EEA382}.Debug|Any CPU.Build.0 = Debug|Any CPU
		{58719B91-1CBA-4D65-9B43-9102F5EEA382}.Release|Any CPU.ActiveCfg = Release|Any CPU
		{58719B91-1CBA-4D65-9B43-9102F5EEA382}.Release|Any CPU.Build.0 = Release|Any CPU
		{1CFEE500-761F-4A9B-AB8E-10BA390E505C}.Debug|Any CPU.ActiveCfg = Debug|Any CPU
		{1CFEE500-761F-4A9B-AB8E-10BA390E505C}.Debug|Any CPU.Build.0 = Debug|Any CPU
		{1CFEE500-761F-4A9B-AB8E-10BA390E505C}.Release|Any CPU.ActiveCfg = Release|Any CPU
		{1CFEE500-761F-4A9B-AB8E-10BA390E505C}.Release|Any CPU.Build.0 = Release|Any CPU
	EndGlobalSection
	GlobalSection(SolutionProperties) = preSolution
		HideSolutionNode = FALSE
	EndGlobalSection
EndGlobal
